
Microsoft Visual Studio Solution File, Format Version 12.00
# Visual Studio Version 16
VisualStudioVersion = 16.0.30523.141
MinimumVisualStudioVersion = 10.0.40219.1
Project("{9A19103F-16F7-4668-BE54-9A1E7A4F7556}") = "Bussiness", "Bussiness\Bussiness.csproj", "{AACFDDEF-1E0A-4746-BE9F-FFA658A140B2}"
EndProject
Project("{9A19103F-16F7-4668-BE54-9A1E7A4F7556}") = "DataAccess", "DataAccess\DataAccess.csproj", "{D5F87208-E95E-4FD4-86B2-A9FAFE0BD29E}"
EndProject
Project("{9A19103F-16F7-4668-BE54-9A1E7A4F7556}") = "Entities", "Entities\Entities.csproj", "{C9373BA5-ED4F-4D98-B2A2-766777172854}"
EndProject
Project("{9A19103F-16F7-4668-BE54-9A1E7A4F7556}") = "UIConsole", "UIConsole\UIConsole.csproj", "{650BBA1C-CA38-42D1-94C3-FCE932459E1B}"
EndProject
Project("{FAE04EC0-301F-11D3-BF4B-00C04F79EFBC}") = "Core", "Core\Core.csproj", "{1B6C71FF-EE98-4F03-B33A-F2513AC871D4}"
EndProject
Global
	GlobalSection(SolutionConfigurationPlatforms) = preSolution
		Debug|Any CPU = Debug|Any CPU
		Release|Any CPU = Release|Any CPU
	EndGlobalSection
	GlobalSection(ProjectConfigurationPlatforms) = postSolution
		{AACFDDEF-1E0A-4746-BE9F-FFA658A140B2}.Debug|Any CPU.ActiveCfg = Debug|Any CPU
		{AACFDDEF-1E0A-4746-BE9F-FFA658A140B2}.Debug|Any CPU.Build.0 = Debug|Any CPU
		{AACFDDEF-1E0A-4746-BE9F-FFA658A140B2}.Release|Any CPU.ActiveCfg = Release|Any CPU
		{AACFDDEF-1E0A-4746-BE9F-FFA658A140B2}.Release|Any CPU.Build.0 = Release|Any CPU
		{D5F87208-E95E-4FD4-86B2-A9FAFE0BD29E}.Debug|Any CPU.ActiveCfg = Debug|Any CPU
		{D5F87208-E95E-4FD4-86B2-A9FAFE0BD29E}.Debug|Any CPU.Build.0 = Debug|Any CPU
		{D5F87208-E95E-4FD4-86B2-A9FAFE0BD29E}.Release|Any CPU.ActiveCfg = Release|Any CPU
		{D5F87208-E95E-4FD4-86B2-A9FAFE0BD29E}.Release|Any CPU.Build.0 = Release|Any CPU
		{C9373BA5-ED4F-4D98-B2A2-766777172854}.Debug|Any CPU.ActiveCfg = Debug|Any CPU
		{C9373BA5-ED4F-4D98-B2A2-766777172854}.Debug|Any CPU.Build.0 = Debug|Any CPU
		{C9373BA5-ED4F-4D98-B2A2-766777172854}.Release|Any CPU.ActiveCfg = Release|Any CPU
		{C9373BA5-ED4F-4D98-B2A2-766777172854}.Release|Any CPU.Build.0 = Release|Any CPU
		{650BBA1C-CA38-42D1-94C3-FCE932459E1B}.Debug|Any CPU.ActiveCfg = Debug|Any CPU
		{650BBA1C-CA38-42D1-94C3-FCE932459E1B}.Debug|Any CPU.Build.0 = Debug|Any CPU
		{650BBA1C-CA38-42D1-94C3-FCE932459E1B}.Release|Any CPU.ActiveCfg = Release|Any CPU
		{650BBA1C-CA38-42D1-94C3-FCE932459E1B}.Release|Any CPU.Build.0 = Release|Any CPU
		{1B6C71FF-EE98-4F03-B33A-F2513AC871D4}.Debug|Any CPU.ActiveCfg = Debug|Any CPU
		{1B6C71FF-EE98-4F03-B33A-F2513AC871D4}.Debug|Any CPU.Build.0 = Debug|Any CPU
		{1B6C71FF-EE98-4F03-B33A-F2513AC871D4}.Release|Any CPU.ActiveCfg = Release|Any CPU
		{1B6C71FF-EE98-4F03-B33A-F2513AC871D4}.Release|Any CPU.Build.0 = Release|Any CPU
	EndGlobalSection
	GlobalSection(SolutionProperties) = preSolution
		HideSolutionNode = FALSE
	EndGlobalSection
	GlobalSection(ExtensibilityGlobals) = postSolution
		SolutionGuid = {81541A80-0AC9-40A0-94D4-DBB2832C001A}
	EndGlobalSection
EndGlobal
